// !$*UTF8*$!
{
	archiveVersion = 1;
	classes = {
	};
	objectVersion = 56;
	objects = {

/* Begin PBXBuildFile section */
		1CA08ECE16F1930AD2CC17EC /* Pods_Twitter_Clone.framework in Frameworks */ = {isa = PBXBuildFile; fileRef = 920F43F66854F8F391108381 /* Pods_Twitter_Clone.framework */; };
		357EA792E9AD3B0157DC216A /* Pods_Twitter_CloneTests.framework in Frameworks */ = {isa = PBXBuildFile; fileRef = 3BC6ADF4C0476A486AFC5E58 /* Pods_Twitter_CloneTests.framework */; };
		5F00C5FD2C7DBF2C00DD7673 /* TCImageView.swift in Sources */ = {isa = PBXBuildFile; fileRef = 5F00C5FC2C7DBF2C00DD7673 /* TCImageView.swift */; };
		5F00C6012C7E154600DD7673 /* ButtonFactory.swift in Sources */ = {isa = PBXBuildFile; fileRef = 5F00C6002C7E154600DD7673 /* ButtonFactory.swift */; };
		5F00C6042C7E466200DD7673 /* TweetViewModel.swift in Sources */ = {isa = PBXBuildFile; fileRef = 5F00C6032C7E466200DD7673 /* TweetViewModel.swift */; };
		5F58731A2C76FFAD001C0F3D /* ThemeColor.swift in Sources */ = {isa = PBXBuildFile; fileRef = 5F5873192C76FFAD001C0F3D /* ThemeColor.swift */; };
		5F58731D2C770057001C0F3D /* IconImage.swift in Sources */ = {isa = PBXBuildFile; fileRef = 5F58731C2C770057001C0F3D /* IconImage.swift */; };
		5F5873202C7706B3001C0F3D /* LoginController.swift in Sources */ = {isa = PBXBuildFile; fileRef = 5F58731F2C7706B3001C0F3D /* LoginController.swift */; };
		5F5873222C7706F5001C0F3D /* RegistrationController.swift in Sources */ = {isa = PBXBuildFile; fileRef = 5F5873212C7706F5001C0F3D /* RegistrationController.swift */; };
		5F5873242C7723FB001C0F3D /* Utilities.swift in Sources */ = {isa = PBXBuildFile; fileRef = 5F5873232C7723FB001C0F3D /* Utilities.swift */; };
		5F58732C2C778006001C0F3D /* GoogleService-Info.plist in Resources */ = {isa = PBXBuildFile; fileRef = 5F58732B2C778006001C0F3D /* GoogleService-Info.plist */; };
		5F58732E2C778CBF001C0F3D /* Constants.swift in Sources */ = {isa = PBXBuildFile; fileRef = 5F58732D2C778CBF001C0F3D /* Constants.swift */; };
		5F5A53802C787BF200C87AA3 /* AuthService.swift in Sources */ = {isa = PBXBuildFile; fileRef = 5F5A537F2C787BF200C87AA3 /* AuthService.swift */; };
		5F5A53822C7897A800C87AA3 /* UserService.swift in Sources */ = {isa = PBXBuildFile; fileRef = 5F5A53812C7897A800C87AA3 /* UserService.swift */; };
		5F5A53842C78B79900C87AA3 /* UserModel.swift in Sources */ = {isa = PBXBuildFile; fileRef = 5F5A53832C78B79900C87AA3 /* UserModel.swift */; };
		5F631EB02C760DEB00CD8872 /* AppDelegate.swift in Sources */ = {isa = PBXBuildFile; fileRef = 5F631EAF2C760DEB00CD8872 /* AppDelegate.swift */; };
		5F631EB22C760DEB00CD8872 /* SceneDelegate.swift in Sources */ = {isa = PBXBuildFile; fileRef = 5F631EB12C760DEB00CD8872 /* SceneDelegate.swift */; };
		5F631EB92C760DEC00CD8872 /* Assets.xcassets in Resources */ = {isa = PBXBuildFile; fileRef = 5F631EB82C760DEC00CD8872 /* Assets.xcassets */; };
		5F631EBC2C760DEC00CD8872 /* Base in Resources */ = {isa = PBXBuildFile; fileRef = 5F631EBB2C760DEC00CD8872 /* Base */; };
		5F631EC72C760DED00CD8872 /* Twitter_CloneTests.swift in Sources */ = {isa = PBXBuildFile; fileRef = 5F631EC62C760DED00CD8872 /* Twitter_CloneTests.swift */; };
		5F631ED12C760DED00CD8872 /* Twitter_CloneUITests.swift in Sources */ = {isa = PBXBuildFile; fileRef = 5F631ED02C760DED00CD8872 /* Twitter_CloneUITests.swift */; };
		5F631ED32C760DED00CD8872 /* Twitter_CloneUITestsLaunchTests.swift in Sources */ = {isa = PBXBuildFile; fileRef = 5F631ED22C760DED00CD8872 /* Twitter_CloneUITestsLaunchTests.swift */; };
		5F631EE12C760F3C00CD8872 /* InlineSnapshotTesting in Frameworks */ = {isa = PBXBuildFile; productRef = 5F631EE02C760F3C00CD8872 /* InlineSnapshotTesting */; };
		5F631EE32C760F3C00CD8872 /* SnapshotTesting in Frameworks */ = {isa = PBXBuildFile; productRef = 5F631EE22C760F3C00CD8872 /* SnapshotTesting */; };
		5F631EE52C7610AC00CD8872 /* MainTabController.swift in Sources */ = {isa = PBXBuildFile; fileRef = 5F631EE42C7610AC00CD8872 /* MainTabController.swift */; };
		5F631EED2C76120700CD8872 /* FeedController.swift in Sources */ = {isa = PBXBuildFile; fileRef = 5F631EEC2C76120700CD8872 /* FeedController.swift */; };
		5F631EEF2C76122F00CD8872 /* ExploreController.swift in Sources */ = {isa = PBXBuildFile; fileRef = 5F631EEE2C76122F00CD8872 /* ExploreController.swift */; };
		5F631EF12C76123E00CD8872 /* NotificationsController.swift in Sources */ = {isa = PBXBuildFile; fileRef = 5F631EF02C76123E00CD8872 /* NotificationsController.swift */; };
		5F631EF32C76125100CD8872 /* ConversationsController.swift in Sources */ = {isa = PBXBuildFile; fileRef = 5F631EF22C76125100CD8872 /* ConversationsController.swift */; };
		5F631EF52C762B3900CD8872 /* UIColor+Extension.swift in Sources */ = {isa = PBXBuildFile; fileRef = 5F631EF42C762B3900CD8872 /* UIColor+Extension.swift */; };
		5F87C74B2C7DAEBF00896C11 /* TweetCell.swift in Sources */ = {isa = PBXBuildFile; fileRef = 5F87C74A2C7DAEBF00896C11 /* TweetCell.swift */; };
		5FD605B52C7D13ED00F98836 /* CaptionTextView.swift in Sources */ = {isa = PBXBuildFile; fileRef = 5FD605B42C7D13ED00F98836 /* CaptionTextView.swift */; };
		5FD605B72C7D1AB100F98836 /* TweetService.swift in Sources */ = {isa = PBXBuildFile; fileRef = 5FD605B62C7D1AB100F98836 /* TweetService.swift */; };
		5FD605B92C7D211800F98836 /* TweetModel.swift in Sources */ = {isa = PBXBuildFile; fileRef = 5FD605B82C7D211800F98836 /* TweetModel.swift */; };
		5FDCA7DA2C7CBC3D0086EFD4 /* UploadTweetController.swift in Sources */ = {isa = PBXBuildFile; fileRef = 5FDCA7D92C7CBC3D0086EFD4 /* UploadTweetController.swift */; };
		A5AF81D845D1459D7F638672 /* Pods_Twitter_Clone_Twitter_CloneUITests.framework in Frameworks */ = {isa = PBXBuildFile; fileRef = 211FB1D6C1F4384B968CF2EA /* Pods_Twitter_Clone_Twitter_CloneUITests.framework */; };
/* End PBXBuildFile section */

/* Begin PBXContainerItemProxy section */
		5F631EC32C760DED00CD8872 /* PBXContainerItemProxy */ = {
			isa = PBXContainerItemProxy;
			containerPortal = 5F631EA42C760DEB00CD8872 /* Project object */;
			proxyType = 1;
			remoteGlobalIDString = 5F631EAB2C760DEB00CD8872;
			remoteInfo = "Twitter-Clone";
		};
		5F631ECD2C760DED00CD8872 /* PBXContainerItemProxy */ = {
			isa = PBXContainerItemProxy;
			containerPortal = 5F631EA42C760DEB00CD8872 /* Project object */;
			proxyType = 1;
			remoteGlobalIDString = 5F631EAB2C760DEB00CD8872;
			remoteInfo = "Twitter-Clone";
		};
/* End PBXContainerItemProxy section */

/* Begin PBXFileReference section */
		01CAB158DF411C0D2FCC2CE8 /* Pods-Twitter-Clone.debug.xcconfig */ = {isa = PBXFileReference; includeInIndex = 1; lastKnownFileType = text.xcconfig; name = "Pods-Twitter-Clone.debug.xcconfig"; path = "Target Support Files/Pods-Twitter-Clone/Pods-Twitter-Clone.debug.xcconfig"; sourceTree = "<group>"; };
		211FB1D6C1F4384B968CF2EA /* Pods_Twitter_Clone_Twitter_CloneUITests.framework */ = {isa = PBXFileReference; explicitFileType = wrapper.framework; includeInIndex = 0; path = Pods_Twitter_Clone_Twitter_CloneUITests.framework; sourceTree = BUILT_PRODUCTS_DIR; };
		22239BA55D3CBCE0D2E12318 /* Pods-Twitter-CloneTests.release.xcconfig */ = {isa = PBXFileReference; includeInIndex = 1; lastKnownFileType = text.xcconfig; name = "Pods-Twitter-CloneTests.release.xcconfig"; path = "Target Support Files/Pods-Twitter-CloneTests/Pods-Twitter-CloneTests.release.xcconfig"; sourceTree = "<group>"; };
		3BC6ADF4C0476A486AFC5E58 /* Pods_Twitter_CloneTests.framework */ = {isa = PBXFileReference; explicitFileType = wrapper.framework; includeInIndex = 0; path = Pods_Twitter_CloneTests.framework; sourceTree = BUILT_PRODUCTS_DIR; };
		4843E5E3C1A2EF84A75BE2D2 /* Pods-Twitter-CloneTests.debug.xcconfig */ = {isa = PBXFileReference; includeInIndex = 1; lastKnownFileType = text.xcconfig; name = "Pods-Twitter-CloneTests.debug.xcconfig"; path = "Target Support Files/Pods-Twitter-CloneTests/Pods-Twitter-CloneTests.debug.xcconfig"; sourceTree = "<group>"; };
		5F00C5FC2C7DBF2C00DD7673 /* TCImageView.swift */ = {isa = PBXFileReference; lastKnownFileType = sourcecode.swift; path = TCImageView.swift; sourceTree = "<group>"; };
		5F00C6002C7E154600DD7673 /* ButtonFactory.swift */ = {isa = PBXFileReference; lastKnownFileType = sourcecode.swift; path = ButtonFactory.swift; sourceTree = "<group>"; };
		5F00C6032C7E466200DD7673 /* TweetViewModel.swift */ = {isa = PBXFileReference; lastKnownFileType = sourcecode.swift; path = TweetViewModel.swift; sourceTree = "<group>"; };
		5F5873192C76FFAD001C0F3D /* ThemeColor.swift */ = {isa = PBXFileReference; lastKnownFileType = sourcecode.swift; path = ThemeColor.swift; sourceTree = "<group>"; };
		5F58731C2C770057001C0F3D /* IconImage.swift */ = {isa = PBXFileReference; lastKnownFileType = sourcecode.swift; path = IconImage.swift; sourceTree = "<group>"; };
		5F58731F2C7706B3001C0F3D /* LoginController.swift */ = {isa = PBXFileReference; lastKnownFileType = sourcecode.swift; path = LoginController.swift; sourceTree = "<group>"; };
		5F5873212C7706F5001C0F3D /* RegistrationController.swift */ = {isa = PBXFileReference; lastKnownFileType = sourcecode.swift; path = RegistrationController.swift; sourceTree = "<group>"; };
		5F5873232C7723FB001C0F3D /* Utilities.swift */ = {isa = PBXFileReference; lastKnownFileType = sourcecode.swift; path = Utilities.swift; sourceTree = "<group>"; };
		5F58732B2C778006001C0F3D /* GoogleService-Info.plist */ = {isa = PBXFileReference; fileEncoding = 4; lastKnownFileType = text.plist.xml; path = "GoogleService-Info.plist"; sourceTree = "<group>"; };
		5F58732D2C778CBF001C0F3D /* Constants.swift */ = {isa = PBXFileReference; lastKnownFileType = sourcecode.swift; path = Constants.swift; sourceTree = "<group>"; };
		5F5A537F2C787BF200C87AA3 /* AuthService.swift */ = {isa = PBXFileReference; lastKnownFileType = sourcecode.swift; path = AuthService.swift; sourceTree = "<group>"; };
		5F5A53812C7897A800C87AA3 /* UserService.swift */ = {isa = PBXFileReference; lastKnownFileType = sourcecode.swift; path = UserService.swift; sourceTree = "<group>"; };
		5F5A53832C78B79900C87AA3 /* UserModel.swift */ = {isa = PBXFileReference; lastKnownFileType = sourcecode.swift; path = UserModel.swift; sourceTree = "<group>"; };
		5F631EAC2C760DEB00CD8872 /* Twitter-Clone.app */ = {isa = PBXFileReference; explicitFileType = wrapper.application; includeInIndex = 0; path = "Twitter-Clone.app"; sourceTree = BUILT_PRODUCTS_DIR; };
		5F631EAF2C760DEB00CD8872 /* AppDelegate.swift */ = {isa = PBXFileReference; lastKnownFileType = sourcecode.swift; path = AppDelegate.swift; sourceTree = "<group>"; };
		5F631EB12C760DEB00CD8872 /* SceneDelegate.swift */ = {isa = PBXFileReference; lastKnownFileType = sourcecode.swift; path = SceneDelegate.swift; sourceTree = "<group>"; };
		5F631EB82C760DEC00CD8872 /* Assets.xcassets */ = {isa = PBXFileReference; lastKnownFileType = folder.assetcatalog; path = Assets.xcassets; sourceTree = "<group>"; };
		5F631EBB2C760DEC00CD8872 /* Base */ = {isa = PBXFileReference; lastKnownFileType = file.storyboard; name = Base; path = Base.lproj/LaunchScreen.storyboard; sourceTree = "<group>"; };
		5F631EBD2C760DEC00CD8872 /* Info.plist */ = {isa = PBXFileReference; lastKnownFileType = text.plist.xml; path = Info.plist; sourceTree = "<group>"; };
		5F631EC22C760DED00CD8872 /* Twitter-CloneTests.xctest */ = {isa = PBXFileReference; explicitFileType = wrapper.cfbundle; includeInIndex = 0; path = "Twitter-CloneTests.xctest"; sourceTree = BUILT_PRODUCTS_DIR; };
		5F631EC62C760DED00CD8872 /* Twitter_CloneTests.swift */ = {isa = PBXFileReference; lastKnownFileType = sourcecode.swift; path = Twitter_CloneTests.swift; sourceTree = "<group>"; };
		5F631ECC2C760DED00CD8872 /* Twitter-CloneUITests.xctest */ = {isa = PBXFileReference; explicitFileType = wrapper.cfbundle; includeInIndex = 0; path = "Twitter-CloneUITests.xctest"; sourceTree = BUILT_PRODUCTS_DIR; };
		5F631ED02C760DED00CD8872 /* Twitter_CloneUITests.swift */ = {isa = PBXFileReference; lastKnownFileType = sourcecode.swift; path = Twitter_CloneUITests.swift; sourceTree = "<group>"; };
		5F631ED22C760DED00CD8872 /* Twitter_CloneUITestsLaunchTests.swift */ = {isa = PBXFileReference; lastKnownFileType = sourcecode.swift; path = Twitter_CloneUITestsLaunchTests.swift; sourceTree = "<group>"; };
		5F631EE42C7610AC00CD8872 /* MainTabController.swift */ = {isa = PBXFileReference; lastKnownFileType = sourcecode.swift; path = MainTabController.swift; sourceTree = "<group>"; };
		5F631EEC2C76120700CD8872 /* FeedController.swift */ = {isa = PBXFileReference; lastKnownFileType = sourcecode.swift; path = FeedController.swift; sourceTree = "<group>"; };
		5F631EEE2C76122F00CD8872 /* ExploreController.swift */ = {isa = PBXFileReference; lastKnownFileType = sourcecode.swift; path = ExploreController.swift; sourceTree = "<group>"; };
		5F631EF02C76123E00CD8872 /* NotificationsController.swift */ = {isa = PBXFileReference; lastKnownFileType = sourcecode.swift; path = NotificationsController.swift; sourceTree = "<group>"; };
		5F631EF22C76125100CD8872 /* ConversationsController.swift */ = {isa = PBXFileReference; lastKnownFileType = sourcecode.swift; path = ConversationsController.swift; sourceTree = "<group>"; };
		5F631EF42C762B3900CD8872 /* UIColor+Extension.swift */ = {isa = PBXFileReference; lastKnownFileType = sourcecode.swift; path = "UIColor+Extension.swift"; sourceTree = "<group>"; };
		5F87C74A2C7DAEBF00896C11 /* TweetCell.swift */ = {isa = PBXFileReference; lastKnownFileType = sourcecode.swift; path = TweetCell.swift; sourceTree = "<group>"; };
		5FD605B42C7D13ED00F98836 /* CaptionTextView.swift */ = {isa = PBXFileReference; lastKnownFileType = sourcecode.swift; path = CaptionTextView.swift; sourceTree = "<group>"; };
		5FD605B62C7D1AB100F98836 /* TweetService.swift */ = {isa = PBXFileReference; lastKnownFileType = sourcecode.swift; path = TweetService.swift; sourceTree = "<group>"; };
		5FD605B82C7D211800F98836 /* TweetModel.swift */ = {isa = PBXFileReference; lastKnownFileType = sourcecode.swift; path = TweetModel.swift; sourceTree = "<group>"; };
		5FDCA7D92C7CBC3D0086EFD4 /* UploadTweetController.swift */ = {isa = PBXFileReference; lastKnownFileType = sourcecode.swift; path = UploadTweetController.swift; sourceTree = "<group>"; };
		7B7E1DA91AF6B5E59AA8767A /* Pods-Twitter-Clone.release.xcconfig */ = {isa = PBXFileReference; includeInIndex = 1; lastKnownFileType = text.xcconfig; name = "Pods-Twitter-Clone.release.xcconfig"; path = "Target Support Files/Pods-Twitter-Clone/Pods-Twitter-Clone.release.xcconfig"; sourceTree = "<group>"; };
		920F43F66854F8F391108381 /* Pods_Twitter_Clone.framework */ = {isa = PBXFileReference; explicitFileType = wrapper.framework; includeInIndex = 0; path = Pods_Twitter_Clone.framework; sourceTree = BUILT_PRODUCTS_DIR; };
		D27F8ACD534EF2B9A367FEFD /* Pods-Twitter-Clone-Twitter-CloneUITests.debug.xcconfig */ = {isa = PBXFileReference; includeInIndex = 1; lastKnownFileType = text.xcconfig; name = "Pods-Twitter-Clone-Twitter-CloneUITests.debug.xcconfig"; path = "Target Support Files/Pods-Twitter-Clone-Twitter-CloneUITests/Pods-Twitter-Clone-Twitter-CloneUITests.debug.xcconfig"; sourceTree = "<group>"; };
		E84DC0DDA5C1F75D3BA3272F /* Pods-Twitter-Clone-Twitter-CloneUITests.release.xcconfig */ = {isa = PBXFileReference; includeInIndex = 1; lastKnownFileType = text.xcconfig; name = "Pods-Twitter-Clone-Twitter-CloneUITests.release.xcconfig"; path = "Target Support Files/Pods-Twitter-Clone-Twitter-CloneUITests/Pods-Twitter-Clone-Twitter-CloneUITests.release.xcconfig"; sourceTree = "<group>"; };
/* End PBXFileReference section */

/* Begin PBXFrameworksBuildPhase section */
		5F631EA92C760DEB00CD8872 /* Frameworks */ = {
			isa = PBXFrameworksBuildPhase;
			buildActionMask = 2147483647;
			files = (
				1CA08ECE16F1930AD2CC17EC /* Pods_Twitter_Clone.framework in Frameworks */,
			);
			runOnlyForDeploymentPostprocessing = 0;
		};
		5F631EBF2C760DED00CD8872 /* Frameworks */ = {
			isa = PBXFrameworksBuildPhase;
			buildActionMask = 2147483647;
			files = (
				5F631EE12C760F3C00CD8872 /* InlineSnapshotTesting in Frameworks */,
				5F631EE32C760F3C00CD8872 /* SnapshotTesting in Frameworks */,
				357EA792E9AD3B0157DC216A /* Pods_Twitter_CloneTests.framework in Frameworks */,
			);
			runOnlyForDeploymentPostprocessing = 0;
		};
		5F631EC92C760DED00CD8872 /* Frameworks */ = {
			isa = PBXFrameworksBuildPhase;
			buildActionMask = 2147483647;
			files = (
				A5AF81D845D1459D7F638672 /* Pods_Twitter_Clone_Twitter_CloneUITests.framework in Frameworks */,
			);
			runOnlyForDeploymentPostprocessing = 0;
		};
/* End PBXFrameworksBuildPhase section */

/* Begin PBXGroup section */
		5500A22AC9AA1F9313B71006 /* Frameworks */ = {
			isa = PBXGroup;
			children = (
				920F43F66854F8F391108381 /* Pods_Twitter_Clone.framework */,
				211FB1D6C1F4384B968CF2EA /* Pods_Twitter_Clone_Twitter_CloneUITests.framework */,
				3BC6ADF4C0476A486AFC5E58 /* Pods_Twitter_CloneTests.framework */,
			);
			name = Frameworks;
			sourceTree = "<group>";
		};
		5F00C6022C7E1D0F00DD7673 /* CustomView */ = {
			isa = PBXGroup;
			children = (
				5F00C5FC2C7DBF2C00DD7673 /* TCImageView.swift */,
				5F00C6002C7E154600DD7673 /* ButtonFactory.swift */,
			);
			path = CustomView;
			sourceTree = "<group>";
		};
		5F58731B2C76FFDD001C0F3D /* Config */ = {
			isa = PBXGroup;
			children = (
				5F5873192C76FFAD001C0F3D /* ThemeColor.swift */,
				5F58731C2C770057001C0F3D /* IconImage.swift */,
			);
			path = Config;
			sourceTree = "<group>";
		};
		5F58731E2C770693001C0F3D /* Authentication */ = {
			isa = PBXGroup;
			children = (
				5F58731F2C7706B3001C0F3D /* LoginController.swift */,
				5F5873212C7706F5001C0F3D /* RegistrationController.swift */,
			);
			path = Authentication;
			sourceTree = "<group>";
		};
		5F631EA32C760DEB00CD8872 = {
			isa = PBXGroup;
			children = (
				5F631EAE2C760DEB00CD8872 /* Twitter-Clone */,
				5F631EC52C760DED00CD8872 /* Twitter-CloneTests */,
				5F631ECF2C760DED00CD8872 /* Twitter-CloneUITests */,
				5F631EAD2C760DEB00CD8872 /* Products */,
				CFDE0E491C75CA8A8CE75FCA /* Pods */,
				5500A22AC9AA1F9313B71006 /* Frameworks */,
			);
			sourceTree = "<group>";
		};
		5F631EAD2C760DEB00CD8872 /* Products */ = {
			isa = PBXGroup;
			children = (
				5F631EAC2C760DEB00CD8872 /* Twitter-Clone.app */,
				5F631EC22C760DED00CD8872 /* Twitter-CloneTests.xctest */,
				5F631ECC2C760DED00CD8872 /* Twitter-CloneUITests.xctest */,
			);
			name = Products;
			sourceTree = "<group>";
		};
		5F631EAE2C760DEB00CD8872 /* Twitter-Clone */ = {
			isa = PBXGroup;
			children = (
				5F58731B2C76FFDD001C0F3D /* Config */,
				5F631EEB2C76111F00CD8872 /* Utils */,
				5F631EEA2C76111500CD8872 /* API */,
				5F631EE82C7610EC00CD8872 /* Model */,
				5F631EE92C7610F300CD8872 /* View */,
				5F631EE72C7610E200CD8872 /* ViewModel */,
				5F631EE62C7610DB00CD8872 /* Controller */,
				5F631EAF2C760DEB00CD8872 /* AppDelegate.swift */,
				5F631EB12C760DEB00CD8872 /* SceneDelegate.swift */,
				5F631EB82C760DEC00CD8872 /* Assets.xcassets */,
				5F631EBA2C760DEC00CD8872 /* LaunchScreen.storyboard */,
				5F58732B2C778006001C0F3D /* GoogleService-Info.plist */,
				5F631EBD2C760DEC00CD8872 /* Info.plist */,
			);
			path = "Twitter-Clone";
			sourceTree = "<group>";
		};
		5F631EC52C760DED00CD8872 /* Twitter-CloneTests */ = {
			isa = PBXGroup;
			children = (
				5F631EC62C760DED00CD8872 /* Twitter_CloneTests.swift */,
			);
			path = "Twitter-CloneTests";
			sourceTree = "<group>";
		};
		5F631ECF2C760DED00CD8872 /* Twitter-CloneUITests */ = {
			isa = PBXGroup;
			children = (
				5F631ED02C760DED00CD8872 /* Twitter_CloneUITests.swift */,
				5F631ED22C760DED00CD8872 /* Twitter_CloneUITestsLaunchTests.swift */,
			);
			path = "Twitter-CloneUITests";
			sourceTree = "<group>";
		};
		5F631EE62C7610DB00CD8872 /* Controller */ = {
			isa = PBXGroup;
			children = (
				5F58731E2C770693001C0F3D /* Authentication */,
				5F631EE42C7610AC00CD8872 /* MainTabController.swift */,
				5F631EEC2C76120700CD8872 /* FeedController.swift */,
				5F631EEE2C76122F00CD8872 /* ExploreController.swift */,
				5F631EF02C76123E00CD8872 /* NotificationsController.swift */,
				5F631EF22C76125100CD8872 /* ConversationsController.swift */,
				5FDCA7D92C7CBC3D0086EFD4 /* UploadTweetController.swift */,
			);
			path = Controller;
			sourceTree = "<group>";
		};
		5F631EE72C7610E200CD8872 /* ViewModel */ = {
			isa = PBXGroup;
			children = (
				5F00C6032C7E466200DD7673 /* TweetViewModel.swift */,
			);
			path = ViewModel;
			sourceTree = "<group>";
		};
		5F631EE82C7610EC00CD8872 /* Model */ = {
			isa = PBXGroup;
			children = (
				5F5A53832C78B79900C87AA3 /* UserModel.swift */,
				5FD605B82C7D211800F98836 /* TweetModel.swift */,
			);
			path = Model;
			sourceTree = "<group>";
		};
		5F631EE92C7610F300CD8872 /* View */ = {
			isa = PBXGroup;
			children = (
				5FD605B42C7D13ED00F98836 /* CaptionTextView.swift */,
				5F87C74A2C7DAEBF00896C11 /* TweetCell.swift */,
				5F00C6022C7E1D0F00DD7673 /* CustomView */,
			);
			path = View;
			sourceTree = "<group>";
		};
		5F631EEA2C76111500CD8872 /* API */ = {
			isa = PBXGroup;
			children = (
				5F5A537F2C787BF200C87AA3 /* AuthService.swift */,
				5F5A53812C7897A800C87AA3 /* UserService.swift */,
				5FD605B62C7D1AB100F98836 /* TweetService.swift */,
			);
			path = API;
			sourceTree = "<group>";
		};
		5F631EEB2C76111F00CD8872 /* Utils */ = {
			isa = PBXGroup;
			children = (
				5F631EF42C762B3900CD8872 /* UIColor+Extension.swift */,
				5F5873232C7723FB001C0F3D /* Utilities.swift */,
				5F58732D2C778CBF001C0F3D /* Constants.swift */,
			);
			path = Utils;
			sourceTree = "<group>";
		};
		CFDE0E491C75CA8A8CE75FCA /* Pods */ = {
			isa = PBXGroup;
			children = (
				01CAB158DF411C0D2FCC2CE8 /* Pods-Twitter-Clone.debug.xcconfig */,
				7B7E1DA91AF6B5E59AA8767A /* Pods-Twitter-Clone.release.xcconfig */,
				D27F8ACD534EF2B9A367FEFD /* Pods-Twitter-Clone-Twitter-CloneUITests.debug.xcconfig */,
				E84DC0DDA5C1F75D3BA3272F /* Pods-Twitter-Clone-Twitter-CloneUITests.release.xcconfig */,
				4843E5E3C1A2EF84A75BE2D2 /* Pods-Twitter-CloneTests.debug.xcconfig */,
				22239BA55D3CBCE0D2E12318 /* Pods-Twitter-CloneTests.release.xcconfig */,
			);
			path = Pods;
			sourceTree = "<group>";
		};
/* End PBXGroup section */

/* Begin PBXNativeTarget section */
		5F631EAB2C760DEB00CD8872 /* Twitter-Clone */ = {
			isa = PBXNativeTarget;
			buildConfigurationList = 5F631ED62C760DED00CD8872 /* Build configuration list for PBXNativeTarget "Twitter-Clone" */;
			buildPhases = (
				ECE8CD53E6A9F8E79D14261E /* [CP] Check Pods Manifest.lock */,
				5F631EA82C760DEB00CD8872 /* Sources */,
				5F631EA92C760DEB00CD8872 /* Frameworks */,
				5F631EAA2C760DEB00CD8872 /* Resources */,
				689AD9B050C78F3DE5BD3272 /* [CP] Embed Pods Frameworks */,
			);
			buildRules = (
			);
			dependencies = (
			);
			name = "Twitter-Clone";
			productName = "Twitter-Clone";
			productReference = 5F631EAC2C760DEB00CD8872 /* Twitter-Clone.app */;
			productType = "com.apple.product-type.application";
		};
		5F631EC12C760DED00CD8872 /* Twitter-CloneTests */ = {
			isa = PBXNativeTarget;
			buildConfigurationList = 5F631ED92C760DED00CD8872 /* Build configuration list for PBXNativeTarget "Twitter-CloneTests" */;
			buildPhases = (
				C5CC6D989F7EE426F2B575FE /* [CP] Check Pods Manifest.lock */,
				5F631EBE2C760DED00CD8872 /* Sources */,
				5F631EBF2C760DED00CD8872 /* Frameworks */,
				5F631EC02C760DED00CD8872 /* Resources */,
			);
			buildRules = (
			);
			dependencies = (
				5F631EC42C760DED00CD8872 /* PBXTargetDependency */,
			);
			name = "Twitter-CloneTests";
			packageProductDependencies = (
				5F631EE02C760F3C00CD8872 /* InlineSnapshotTesting */,
				5F631EE22C760F3C00CD8872 /* SnapshotTesting */,
			);
			productName = "Twitter-CloneTests";
			productReference = 5F631EC22C760DED00CD8872 /* Twitter-CloneTests.xctest */;
			productType = "com.apple.product-type.bundle.unit-test";
		};
		5F631ECB2C760DED00CD8872 /* Twitter-CloneUITests */ = {
			isa = PBXNativeTarget;
			buildConfigurationList = 5F631EDC2C760DED00CD8872 /* Build configuration list for PBXNativeTarget "Twitter-CloneUITests" */;
			buildPhases = (
				26521B1E5DA7149DFEC5A891 /* [CP] Check Pods Manifest.lock */,
				5F631EC82C760DED00CD8872 /* Sources */,
				5F631EC92C760DED00CD8872 /* Frameworks */,
				5F631ECA2C760DED00CD8872 /* Resources */,
				8153898EEDFDC4DA2779BB04 /* [CP] Embed Pods Frameworks */,
			);
			buildRules = (
			);
			dependencies = (
				5F631ECE2C760DED00CD8872 /* PBXTargetDependency */,
			);
			name = "Twitter-CloneUITests";
			productName = "Twitter-CloneUITests";
			productReference = 5F631ECC2C760DED00CD8872 /* Twitter-CloneUITests.xctest */;
			productType = "com.apple.product-type.bundle.ui-testing";
		};
/* End PBXNativeTarget section */

/* Begin PBXProject section */
		5F631EA42C760DEB00CD8872 /* Project object */ = {
			isa = PBXProject;
			attributes = {
				BuildIndependentTargetsInParallel = 1;
				LastSwiftUpdateCheck = 1540;
				LastUpgradeCheck = 1540;
				TargetAttributes = {
					5F631EAB2C760DEB00CD8872 = {
						CreatedOnToolsVersion = 15.4;
					};
					5F631EC12C760DED00CD8872 = {
						CreatedOnToolsVersion = 15.4;
						TestTargetID = 5F631EAB2C760DEB00CD8872;
					};
					5F631ECB2C760DED00CD8872 = {
						CreatedOnToolsVersion = 15.4;
						TestTargetID = 5F631EAB2C760DEB00CD8872;
					};
				};
			};
			buildConfigurationList = 5F631EA72C760DEB00CD8872 /* Build configuration list for PBXProject "Twitter-Clone" */;
			compatibilityVersion = "Xcode 14.0";
			developmentRegion = en;
			hasScannedForEncodings = 0;
			knownRegions = (
				en,
				Base,
			);
			mainGroup = 5F631EA32C760DEB00CD8872;
			packageReferences = (
				5F631EDF2C760F3C00CD8872 /* XCRemoteSwiftPackageReference "swift-snapshot-testing" */,
			);
			productRefGroup = 5F631EAD2C760DEB00CD8872 /* Products */;
			projectDirPath = "";
			projectRoot = "";
			targets = (
				5F631EAB2C760DEB00CD8872 /* Twitter-Clone */,
				5F631EC12C760DED00CD8872 /* Twitter-CloneTests */,
				5F631ECB2C760DED00CD8872 /* Twitter-CloneUITests */,
			);
		};
/* End PBXProject section */

/* Begin PBXResourcesBuildPhase section */
		5F631EAA2C760DEB00CD8872 /* Resources */ = {
			isa = PBXResourcesBuildPhase;
			buildActionMask = 2147483647;
			files = (
				5F631EB92C760DEC00CD8872 /* Assets.xcassets in Resources */,
				5F631EBC2C760DEC00CD8872 /* Base in Resources */,
				5F58732C2C778006001C0F3D /* GoogleService-Info.plist in Resources */,
			);
			runOnlyForDeploymentPostprocessing = 0;
		};
		5F631EC02C760DED00CD8872 /* Resources */ = {
			isa = PBXResourcesBuildPhase;
			buildActionMask = 2147483647;
			files = (
			);
			runOnlyForDeploymentPostprocessing = 0;
		};
		5F631ECA2C760DED00CD8872 /* Resources */ = {
			isa = PBXResourcesBuildPhase;
			buildActionMask = 2147483647;
			files = (
			);
			runOnlyForDeploymentPostprocessing = 0;
		};
/* End PBXResourcesBuildPhase section */

/* Begin PBXShellScriptBuildPhase section */
		26521B1E5DA7149DFEC5A891 /* [CP] Check Pods Manifest.lock */ = {
			isa = PBXShellScriptBuildPhase;
			buildActionMask = 2147483647;
			files = (
			);
			inputFileListPaths = (
			);
			inputPaths = (
				"${PODS_PODFILE_DIR_PATH}/Podfile.lock",
				"${PODS_ROOT}/Manifest.lock",
			);
			name = "[CP] Check Pods Manifest.lock";
			outputFileListPaths = (
			);
			outputPaths = (
				"$(DERIVED_FILE_DIR)/Pods-Twitter-Clone-Twitter-CloneUITests-checkManifestLockResult.txt",
			);
			runOnlyForDeploymentPostprocessing = 0;
			shellPath = /bin/sh;
			shellScript = "diff \"${PODS_PODFILE_DIR_PATH}/Podfile.lock\" \"${PODS_ROOT}/Manifest.lock\" > /dev/null\nif [ $? != 0 ] ; then\n    # print error to STDERR\n    echo \"error: The sandbox is not in sync with the Podfile.lock. Run 'pod install' or update your CocoaPods installation.\" >&2\n    exit 1\nfi\n# This output is used by Xcode 'outputs' to avoid re-running this script phase.\necho \"SUCCESS\" > \"${SCRIPT_OUTPUT_FILE_0}\"\n";
			showEnvVarsInLog = 0;
		};
		689AD9B050C78F3DE5BD3272 /* [CP] Embed Pods Frameworks */ = {
			isa = PBXShellScriptBuildPhase;
			buildActionMask = 2147483647;
			files = (
			);
			inputFileListPaths = (
				"${PODS_ROOT}/Target Support Files/Pods-Twitter-Clone/Pods-Twitter-Clone-frameworks-${CONFIGURATION}-input-files.xcfilelist",
			);
			name = "[CP] Embed Pods Frameworks";
			outputFileListPaths = (
				"${PODS_ROOT}/Target Support Files/Pods-Twitter-Clone/Pods-Twitter-Clone-frameworks-${CONFIGURATION}-output-files.xcfilelist",
			);
			runOnlyForDeploymentPostprocessing = 0;
			shellPath = /bin/sh;
			shellScript = "\"${PODS_ROOT}/Target Support Files/Pods-Twitter-Clone/Pods-Twitter-Clone-frameworks.sh\"\n";
			showEnvVarsInLog = 0;
		};
		8153898EEDFDC4DA2779BB04 /* [CP] Embed Pods Frameworks */ = {
			isa = PBXShellScriptBuildPhase;
			buildActionMask = 2147483647;
			files = (
			);
			inputFileListPaths = (
				"${PODS_ROOT}/Target Support Files/Pods-Twitter-Clone-Twitter-CloneUITests/Pods-Twitter-Clone-Twitter-CloneUITests-frameworks-${CONFIGURATION}-input-files.xcfilelist",
			);
			name = "[CP] Embed Pods Frameworks";
			outputFileListPaths = (
				"${PODS_ROOT}/Target Support Files/Pods-Twitter-Clone-Twitter-CloneUITests/Pods-Twitter-Clone-Twitter-CloneUITests-frameworks-${CONFIGURATION}-output-files.xcfilelist",
			);
			runOnlyForDeploymentPostprocessing = 0;
			shellPath = /bin/sh;
			shellScript = "\"${PODS_ROOT}/Target Support Files/Pods-Twitter-Clone-Twitter-CloneUITests/Pods-Twitter-Clone-Twitter-CloneUITests-frameworks.sh\"\n";
			showEnvVarsInLog = 0;
		};
		C5CC6D989F7EE426F2B575FE /* [CP] Check Pods Manifest.lock */ = {
			isa = PBXShellScriptBuildPhase;
			buildActionMask = 2147483647;
			files = (
			);
			inputFileListPaths = (
			);
			inputPaths = (
				"${PODS_PODFILE_DIR_PATH}/Podfile.lock",
				"${PODS_ROOT}/Manifest.lock",
			);
			name = "[CP] Check Pods Manifest.lock";
			outputFileListPaths = (
			);
			outputPaths = (
				"$(DERIVED_FILE_DIR)/Pods-Twitter-CloneTests-checkManifestLockResult.txt",
			);
			runOnlyForDeploymentPostprocessing = 0;
			shellPath = /bin/sh;
			shellScript = "diff \"${PODS_PODFILE_DIR_PATH}/Podfile.lock\" \"${PODS_ROOT}/Manifest.lock\" > /dev/null\nif [ $? != 0 ] ; then\n    # print error to STDERR\n    echo \"error: The sandbox is not in sync with the Podfile.lock. Run 'pod install' or update your CocoaPods installation.\" >&2\n    exit 1\nfi\n# This output is used by Xcode 'outputs' to avoid re-running this script phase.\necho \"SUCCESS\" > \"${SCRIPT_OUTPUT_FILE_0}\"\n";
			showEnvVarsInLog = 0;
		};
		ECE8CD53E6A9F8E79D14261E /* [CP] Check Pods Manifest.lock */ = {
			isa = PBXShellScriptBuildPhase;
			buildActionMask = 2147483647;
			files = (
			);
			inputFileListPaths = (
			);
			inputPaths = (
				"${PODS_PODFILE_DIR_PATH}/Podfile.lock",
				"${PODS_ROOT}/Manifest.lock",
			);
			name = "[CP] Check Pods Manifest.lock";
			outputFileListPaths = (
			);
			outputPaths = (
				"$(DERIVED_FILE_DIR)/Pods-Twitter-Clone-checkManifestLockResult.txt",
			);
			runOnlyForDeploymentPostprocessing = 0;
			shellPath = /bin/sh;
			shellScript = "diff \"${PODS_PODFILE_DIR_PATH}/Podfile.lock\" \"${PODS_ROOT}/Manifest.lock\" > /dev/null\nif [ $? != 0 ] ; then\n    # print error to STDERR\n    echo \"error: The sandbox is not in sync with the Podfile.lock. Run 'pod install' or update your CocoaPods installation.\" >&2\n    exit 1\nfi\n# This output is used by Xcode 'outputs' to avoid re-running this script phase.\necho \"SUCCESS\" > \"${SCRIPT_OUTPUT_FILE_0}\"\n";
			showEnvVarsInLog = 0;
		};
/* End PBXShellScriptBuildPhase section */

/* Begin PBXSourcesBuildPhase section */
		5F631EA82C760DEB00CD8872 /* Sources */ = {
			isa = PBXSourcesBuildPhase;
			buildActionMask = 2147483647;
			files = (
				5F5873202C7706B3001C0F3D /* LoginController.swift in Sources */,
				5F631EF12C76123E00CD8872 /* NotificationsController.swift in Sources */,
				5F631EF32C76125100CD8872 /* ConversationsController.swift in Sources */,
				5F58731D2C770057001C0F3D /* IconImage.swift in Sources */,
				5F5873242C7723FB001C0F3D /* Utilities.swift in Sources */,
				5F58731A2C76FFAD001C0F3D /* ThemeColor.swift in Sources */,
				5F631EB02C760DEB00CD8872 /* AppDelegate.swift in Sources */,
				5F631EEF2C76122F00CD8872 /* ExploreController.swift in Sources */,
				5FDCA7DA2C7CBC3D0086EFD4 /* UploadTweetController.swift in Sources */,
				5FD605B92C7D211800F98836 /* TweetModel.swift in Sources */,
				5F5A53842C78B79900C87AA3 /* UserModel.swift in Sources */,
				5F631EB22C760DEB00CD8872 /* SceneDelegate.swift in Sources */,
				5FD605B52C7D13ED00F98836 /* CaptionTextView.swift in Sources */,
				5F631EE52C7610AC00CD8872 /* MainTabController.swift in Sources */,
				5F631EED2C76120700CD8872 /* FeedController.swift in Sources */,
				5F00C5FD2C7DBF2C00DD7673 /* TCImageView.swift in Sources */,
				5F00C6042C7E466200DD7673 /* TweetViewModel.swift in Sources */,
				5F87C74B2C7DAEBF00896C11 /* TweetCell.swift in Sources */,
				5F58732E2C778CBF001C0F3D /* Constants.swift in Sources */,
				5F00C6012C7E154600DD7673 /* ButtonFactory.swift in Sources */,
				5F5A53822C7897A800C87AA3 /* UserService.swift in Sources */,
				5F5A53802C787BF200C87AA3 /* AuthService.swift in Sources */,
				5F5873222C7706F5001C0F3D /* RegistrationController.swift in Sources */,
				5F631EF52C762B3900CD8872 /* UIColor+Extension.swift in Sources */,
				5FD605B72C7D1AB100F98836 /* TweetService.swift in Sources */,
			);
			runOnlyForDeploymentPostprocessing = 0;
		};
		5F631EBE2C760DED00CD8872 /* Sources */ = {
			isa = PBXSourcesBuildPhase;
			buildActionMask = 2147483647;
			files = (
				5F631EC72C760DED00CD8872 /* Twitter_CloneTests.swift in Sources */,
			);
			runOnlyForDeploymentPostprocessing = 0;
		};
		5F631EC82C760DED00CD8872 /* Sources */ = {
			isa = PBXSourcesBuildPhase;
			buildActionMask = 2147483647;
			files = (
				5F631ED32C760DED00CD8872 /* Twitter_CloneUITestsLaunchTests.swift in Sources */,
				5F631ED12C760DED00CD8872 /* Twitter_CloneUITests.swift in Sources */,
			);
			runOnlyForDeploymentPostprocessing = 0;
		};
/* End PBXSourcesBuildPhase section */

/* Begin PBXTargetDependency section */
		5F631EC42C760DED00CD8872 /* PBXTargetDependency */ = {
			isa = PBXTargetDependency;
			target = 5F631EAB2C760DEB00CD8872 /* Twitter-Clone */;
			targetProxy = 5F631EC32C760DED00CD8872 /* PBXContainerItemProxy */;
		};
		5F631ECE2C760DED00CD8872 /* PBXTargetDependency */ = {
			isa = PBXTargetDependency;
			target = 5F631EAB2C760DEB00CD8872 /* Twitter-Clone */;
			targetProxy = 5F631ECD2C760DED00CD8872 /* PBXContainerItemProxy */;
		};
/* End PBXTargetDependency section */

/* Begin PBXVariantGroup section */
		5F631EBA2C760DEC00CD8872 /* LaunchScreen.storyboard */ = {
			isa = PBXVariantGroup;
			children = (
				5F631EBB2C760DEC00CD8872 /* Base */,
			);
			name = LaunchScreen.storyboard;
			sourceTree = "<group>";
		};
/* End PBXVariantGroup section */

/* Begin XCBuildConfiguration section */
		5F631ED42C760DED00CD8872 /* Debug */ = {
			isa = XCBuildConfiguration;
			buildSettings = {
				ALWAYS_SEARCH_USER_PATHS = NO;
				ASSETCATALOG_COMPILER_GENERATE_SWIFT_ASSET_SYMBOL_EXTENSIONS = YES;
				CLANG_ANALYZER_NONNULL = YES;
				CLANG_ANALYZER_NUMBER_OBJECT_CONVERSION = YES_AGGRESSIVE;
				CLANG_CXX_LANGUAGE_STANDARD = "gnu++20";
				CLANG_ENABLE_MODULES = YES;
				CLANG_ENABLE_OBJC_ARC = YES;
				CLANG_ENABLE_OBJC_WEAK = YES;
				CLANG_WARN_BLOCK_CAPTURE_AUTORELEASING = YES;
				CLANG_WARN_BOOL_CONVERSION = YES;
				CLANG_WARN_COMMA = YES;
				CLANG_WARN_CONSTANT_CONVERSION = YES;
				CLANG_WARN_DEPRECATED_OBJC_IMPLEMENTATIONS = YES;
				CLANG_WARN_DIRECT_OBJC_ISA_USAGE = YES_ERROR;
				CLANG_WARN_DOCUMENTATION_COMMENTS = YES;
				CLANG_WARN_EMPTY_BODY = YES;
				CLANG_WARN_ENUM_CONVERSION = YES;
				CLANG_WARN_INFINITE_RECURSION = YES;
				CLANG_WARN_INT_CONVERSION = YES;
				CLANG_WARN_NON_LITERAL_NULL_CONVERSION = YES;
				CLANG_WARN_OBJC_IMPLICIT_RETAIN_SELF = YES;
				CLANG_WARN_OBJC_LITERAL_CONVERSION = YES;
				CLANG_WARN_OBJC_ROOT_CLASS = YES_ERROR;
				CLANG_WARN_QUOTED_INCLUDE_IN_FRAMEWORK_HEADER = YES;
				CLANG_WARN_RANGE_LOOP_ANALYSIS = YES;
				CLANG_WARN_STRICT_PROTOTYPES = YES;
				CLANG_WARN_SUSPICIOUS_MOVE = YES;
				CLANG_WARN_UNGUARDED_AVAILABILITY = YES_AGGRESSIVE;
				CLANG_WARN_UNREACHABLE_CODE = YES;
				CLANG_WARN__DUPLICATE_METHOD_MATCH = YES;
				COPY_PHASE_STRIP = NO;
				DEBUG_INFORMATION_FORMAT = dwarf;
				ENABLE_STRICT_OBJC_MSGSEND = YES;
				ENABLE_TESTABILITY = YES;
				ENABLE_USER_SCRIPT_SANDBOXING = YES;
				GCC_C_LANGUAGE_STANDARD = gnu17;
				GCC_DYNAMIC_NO_PIC = NO;
				GCC_NO_COMMON_BLOCKS = YES;
				GCC_OPTIMIZATION_LEVEL = 0;
				GCC_PREPROCESSOR_DEFINITIONS = (
					"DEBUG=1",
					"$(inherited)",
				);
				GCC_WARN_64_TO_32_BIT_CONVERSION = YES;
				GCC_WARN_ABOUT_RETURN_TYPE = YES_ERROR;
				GCC_WARN_UNDECLARED_SELECTOR = YES;
				GCC_WARN_UNINITIALIZED_AUTOS = YES_AGGRESSIVE;
				GCC_WARN_UNUSED_FUNCTION = YES;
				GCC_WARN_UNUSED_VARIABLE = YES;
				IPHONEOS_DEPLOYMENT_TARGET = 17.5;
				LOCALIZATION_PREFERS_STRING_CATALOGS = YES;
				MTL_ENABLE_DEBUG_INFO = INCLUDE_SOURCE;
				MTL_FAST_MATH = YES;
				ONLY_ACTIVE_ARCH = YES;
				SDKROOT = iphoneos;
				SWIFT_ACTIVE_COMPILATION_CONDITIONS = "DEBUG $(inherited)";
				SWIFT_OPTIMIZATION_LEVEL = "-Onone";
			};
			name = Debug;
		};
		5F631ED52C760DED00CD8872 /* Release */ = {
			isa = XCBuildConfiguration;
			buildSettings = {
				ALWAYS_SEARCH_USER_PATHS = NO;
				ASSETCATALOG_COMPILER_GENERATE_SWIFT_ASSET_SYMBOL_EXTENSIONS = YES;
				CLANG_ANALYZER_NONNULL = YES;
				CLANG_ANALYZER_NUMBER_OBJECT_CONVERSION = YES_AGGRESSIVE;
				CLANG_CXX_LANGUAGE_STANDARD = "gnu++20";
				CLANG_ENABLE_MODULES = YES;
				CLANG_ENABLE_OBJC_ARC = YES;
				CLANG_ENABLE_OBJC_WEAK = YES;
				CLANG_WARN_BLOCK_CAPTURE_AUTORELEASING = YES;
				CLANG_WARN_BOOL_CONVERSION = YES;
				CLANG_WARN_COMMA = YES;
				CLANG_WARN_CONSTANT_CONVERSION = YES;
				CLANG_WARN_DEPRECATED_OBJC_IMPLEMENTATIONS = YES;
				CLANG_WARN_DIRECT_OBJC_ISA_USAGE = YES_ERROR;
				CLANG_WARN_DOCUMENTATION_COMMENTS = YES;
				CLANG_WARN_EMPTY_BODY = YES;
				CLANG_WARN_ENUM_CONVERSION = YES;
				CLANG_WARN_INFINITE_RECURSION = YES;
				CLANG_WARN_INT_CONVERSION = YES;
				CLANG_WARN_NON_LITERAL_NULL_CONVERSION = YES;
				CLANG_WARN_OBJC_IMPLICIT_RETAIN_SELF = YES;
				CLANG_WARN_OBJC_LITERAL_CONVERSION = YES;
				CLANG_WARN_OBJC_ROOT_CLASS = YES_ERROR;
				CLANG_WARN_QUOTED_INCLUDE_IN_FRAMEWORK_HEADER = YES;
				CLANG_WARN_RANGE_LOOP_ANALYSIS = YES;
				CLANG_WARN_STRICT_PROTOTYPES = YES;
				CLANG_WARN_SUSPICIOUS_MOVE = YES;
				CLANG_WARN_UNGUARDED_AVAILABILITY = YES_AGGRESSIVE;
				CLANG_WARN_UNREACHABLE_CODE = YES;
				CLANG_WARN__DUPLICATE_METHOD_MATCH = YES;
				COPY_PHASE_STRIP = NO;
				DEBUG_INFORMATION_FORMAT = "dwarf-with-dsym";
				ENABLE_NS_ASSERTIONS = NO;
				ENABLE_STRICT_OBJC_MSGSEND = YES;
				ENABLE_USER_SCRIPT_SANDBOXING = YES;
				GCC_C_LANGUAGE_STANDARD = gnu17;
				GCC_NO_COMMON_BLOCKS = YES;
				GCC_WARN_64_TO_32_BIT_CONVERSION = YES;
				GCC_WARN_ABOUT_RETURN_TYPE = YES_ERROR;
				GCC_WARN_UNDECLARED_SELECTOR = YES;
				GCC_WARN_UNINITIALIZED_AUTOS = YES_AGGRESSIVE;
				GCC_WARN_UNUSED_FUNCTION = YES;
				GCC_WARN_UNUSED_VARIABLE = YES;
				IPHONEOS_DEPLOYMENT_TARGET = 17.5;
				LOCALIZATION_PREFERS_STRING_CATALOGS = YES;
				MTL_ENABLE_DEBUG_INFO = NO;
				MTL_FAST_MATH = YES;
				SDKROOT = iphoneos;
				SWIFT_COMPILATION_MODE = wholemodule;
				VALIDATE_PRODUCT = YES;
			};
			name = Release;
		};
		5F631ED72C760DED00CD8872 /* Debug */ = {
			isa = XCBuildConfiguration;
			baseConfigurationReference = 01CAB158DF411C0D2FCC2CE8 /* Pods-Twitter-Clone.debug.xcconfig */;
			buildSettings = {
				ASSETCATALOG_COMPILER_APPICON_NAME = AppIcon;
				ASSETCATALOG_COMPILER_GLOBAL_ACCENT_COLOR_NAME = AccentColor;
				CODE_SIGN_STYLE = Automatic;
				CURRENT_PROJECT_VERSION = 1;
				DEVELOPMENT_TEAM = 76FZX58B63;
				ENABLE_USER_SCRIPT_SANDBOXING = NO;
				GENERATE_INFOPLIST_FILE = YES;
				INFOPLIST_FILE = "Twitter-Clone/Info.plist";
				INFOPLIST_KEY_UIApplicationSupportsIndirectInputEvents = YES;
				INFOPLIST_KEY_UILaunchStoryboardName = LaunchScreen;
				INFOPLIST_KEY_UISupportedInterfaceOrientations_iPad = "UIInterfaceOrientationPortrait UIInterfaceOrientationPortraitUpsideDown UIInterfaceOrientationLandscapeLeft UIInterfaceOrientationLandscapeRight";
				INFOPLIST_KEY_UISupportedInterfaceOrientations_iPhone = "UIInterfaceOrientationPortrait UIInterfaceOrientationLandscapeLeft UIInterfaceOrientationLandscapeRight";
				LD_RUNPATH_SEARCH_PATHS = (
					"$(inherited)",
					"@executable_path/Frameworks",
				);
				MARKETING_VERSION = 1.0;
				PRODUCT_BUNDLE_IDENTIFIER = "co.aldreinuqui.Twitter-Clone";
				PRODUCT_NAME = "$(TARGET_NAME)";
				SWIFT_EMIT_LOC_STRINGS = YES;
				SWIFT_VERSION = 5.0;
				TARGETED_DEVICE_FAMILY = "1,2";
			};
			name = Debug;
		};
		5F631ED82C760DED00CD8872 /* Release */ = {
			isa = XCBuildConfiguration;
			baseConfigurationReference = 7B7E1DA91AF6B5E59AA8767A /* Pods-Twitter-Clone.release.xcconfig */;
			buildSettings = {
				ASSETCATALOG_COMPILER_APPICON_NAME = AppIcon;
				ASSETCATALOG_COMPILER_GLOBAL_ACCENT_COLOR_NAME = AccentColor;
				CODE_SIGN_STYLE = Automatic;
				CURRENT_PROJECT_VERSION = 1;
				DEVELOPMENT_TEAM = 76FZX58B63;
				ENABLE_USER_SCRIPT_SANDBOXING = NO;
				GENERATE_INFOPLIST_FILE = YES;
				INFOPLIST_FILE = "Twitter-Clone/Info.plist";
				INFOPLIST_KEY_UIApplicationSupportsIndirectInputEvents = YES;
				INFOPLIST_KEY_UILaunchStoryboardName = LaunchScreen;
				INFOPLIST_KEY_UISupportedInterfaceOrientations_iPad = "UIInterfaceOrientationPortrait UIInterfaceOrientationPortraitUpsideDown UIInterfaceOrientationLandscapeLeft UIInterfaceOrientationLandscapeRight";
				INFOPLIST_KEY_UISupportedInterfaceOrientations_iPhone = "UIInterfaceOrientationPortrait UIInterfaceOrientationLandscapeLeft UIInterfaceOrientationLandscapeRight";
				LD_RUNPATH_SEARCH_PATHS = (
					"$(inherited)",
					"@executable_path/Frameworks",
				);
				MARKETING_VERSION = 1.0;
				PRODUCT_BUNDLE_IDENTIFIER = "co.aldreinuqui.Twitter-Clone";
				PRODUCT_NAME = "$(TARGET_NAME)";
				SWIFT_EMIT_LOC_STRINGS = YES;
				SWIFT_VERSION = 5.0;
				TARGETED_DEVICE_FAMILY = "1,2";
			};
			name = Release;
		};
		5F631EDA2C760DED00CD8872 /* Debug */ = {
			isa = XCBuildConfiguration;
			baseConfigurationReference = 4843E5E3C1A2EF84A75BE2D2 /* Pods-Twitter-CloneTests.debug.xcconfig */;
			buildSettings = {
				ALWAYS_EMBED_SWIFT_STANDARD_LIBRARIES = YES;
				BUNDLE_LOADER = "$(TEST_HOST)";
				CODE_SIGN_STYLE = Automatic;
				CURRENT_PROJECT_VERSION = 1;
				DEVELOPMENT_TEAM = 76FZX58B63;
				GENERATE_INFOPLIST_FILE = YES;
				IPHONEOS_DEPLOYMENT_TARGET = 17.5;
				MARKETING_VERSION = 1.0;
				PRODUCT_BUNDLE_IDENTIFIER = "co.aldreinuqui.Twitter-CloneTests";
				PRODUCT_NAME = "$(TARGET_NAME)";
				SWIFT_EMIT_LOC_STRINGS = NO;
				SWIFT_VERSION = 5.0;
				TARGETED_DEVICE_FAMILY = "1,2";
				TEST_HOST = "$(BUILT_PRODUCTS_DIR)/Twitter-Clone.app/$(BUNDLE_EXECUTABLE_FOLDER_PATH)/Twitter-Clone";
			};
			name = Debug;
		};
		5F631EDB2C760DED00CD8872 /* Release */ = {
			isa = XCBuildConfiguration;
			baseConfigurationReference = 22239BA55D3CBCE0D2E12318 /* Pods-Twitter-CloneTests.release.xcconfig */;
			buildSettings = {
				ALWAYS_EMBED_SWIFT_STANDARD_LIBRARIES = YES;
				BUNDLE_LOADER = "$(TEST_HOST)";
				CODE_SIGN_STYLE = Automatic;
				CURRENT_PROJECT_VERSION = 1;
				DEVELOPMENT_TEAM = 76FZX58B63;
				GENERATE_INFOPLIST_FILE = YES;
				IPHONEOS_DEPLOYMENT_TARGET = 17.5;
				MARKETING_VERSION = 1.0;
				PRODUCT_BUNDLE_IDENTIFIER = "co.aldreinuqui.Twitter-CloneTests";
				PRODUCT_NAME = "$(TARGET_NAME)";
				SWIFT_EMIT_LOC_STRINGS = NO;
				SWIFT_VERSION = 5.0;
				TARGETED_DEVICE_FAMILY = "1,2";
				TEST_HOST = "$(BUILT_PRODUCTS_DIR)/Twitter-Clone.app/$(BUNDLE_EXECUTABLE_FOLDER_PATH)/Twitter-Clone";
			};
			name = Release;
		};
		5F631EDD2C760DED00CD8872 /* Debug */ = {
			isa = XCBuildConfiguration;
			baseConfigurationReference = D27F8ACD534EF2B9A367FEFD /* Pods-Twitter-Clone-Twitter-CloneUITests.debug.xcconfig */;
			buildSettings = {
				ALWAYS_EMBED_SWIFT_STANDARD_LIBRARIES = YES;
				CODE_SIGN_STYLE = Automatic;
				CURRENT_PROJECT_VERSION = 1;
				DEVELOPMENT_TEAM = 76FZX58B63;
				GENERATE_INFOPLIST_FILE = YES;
				MARKETING_VERSION = 1.0;
				PRODUCT_BUNDLE_IDENTIFIER = "co.aldreinuqui.Twitter-CloneUITests";
				PRODUCT_NAME = "$(TARGET_NAME)";
				SWIFT_EMIT_LOC_STRINGS = NO;
				SWIFT_VERSION = 5.0;
				TARGETED_DEVICE_FAMILY = "1,2";
				TEST_TARGET_NAME = "Twitter-Clone";
			};
			name = Debug;
		};
		5F631EDE2C760DED00CD8872 /* Release */ = {
			isa = XCBuildConfiguration;
			baseConfigurationReference = E84DC0DDA5C1F75D3BA3272F /* Pods-Twitter-Clone-Twitter-CloneUITests.release.xcconfig */;
			buildSettings = {
				ALWAYS_EMBED_SWIFT_STANDARD_LIBRARIES = YES;
				CODE_SIGN_STYLE = Automatic;
				CURRENT_PROJECT_VERSION = 1;
				DEVELOPMENT_TEAM = 76FZX58B63;
				GENERATE_INFOPLIST_FILE = YES;
				MARKETING_VERSION = 1.0;
				PRODUCT_BUNDLE_IDENTIFIER = "co.aldreinuqui.Twitter-CloneUITests";
				PRODUCT_NAME = "$(TARGET_NAME)";
				SWIFT_EMIT_LOC_STRINGS = NO;
				SWIFT_VERSION = 5.0;
				TARGETED_DEVICE_FAMILY = "1,2";
				TEST_TARGET_NAME = "Twitter-Clone";
			};
			name = Release;
		};
/* End XCBuildConfiguration section */

/* Begin XCConfigurationList section */
		5F631EA72C760DEB00CD8872 /* Build configuration list for PBXProject "Twitter-Clone" */ = {
			isa = XCConfigurationList;
			buildConfigurations = (
				5F631ED42C760DED00CD8872 /* Debug */,
				5F631ED52C760DED00CD8872 /* Release */,
			);
			defaultConfigurationIsVisible = 0;
			defaultConfigurationName = Release;
		};
		5F631ED62C760DED00CD8872 /* Build configuration list for PBXNativeTarget "Twitter-Clone" */ = {
			isa = XCConfigurationList;
			buildConfigurations = (
				5F631ED72C760DED00CD8872 /* Debug */,
				5F631ED82C760DED00CD8872 /* Release */,
			);
			defaultConfigurationIsVisible = 0;
			defaultConfigurationName = Release;
		};
		5F631ED92C760DED00CD8872 /* Build configuration list for PBXNativeTarget "Twitter-CloneTests" */ = {
			isa = XCConfigurationList;
			buildConfigurations = (
				5F631EDA2C760DED00CD8872 /* Debug */,
				5F631EDB2C760DED00CD8872 /* Release */,
			);
			defaultConfigurationIsVisible = 0;
			defaultConfigurationName = Release;
		};
		5F631EDC2C760DED00CD8872 /* Build configuration list for PBXNativeTarget "Twitter-CloneUITests" */ = {
			isa = XCConfigurationList;
			buildConfigurations = (
				5F631EDD2C760DED00CD8872 /* Debug */,
				5F631EDE2C760DED00CD8872 /* Release */,
			);
			defaultConfigurationIsVisible = 0;
			defaultConfigurationName = Release;
		};
/* End XCConfigurationList section */

/* Begin XCRemoteSwiftPackageReference section */
		5F631EDF2C760F3C00CD8872 /* XCRemoteSwiftPackageReference "swift-snapshot-testing" */ = {
			isa = XCRemoteSwiftPackageReference;
			repositoryURL = "https://github.com/pointfreeco/swift-snapshot-testing";
			requirement = {
				kind = upToNextMinorVersion;
				minimumVersion = 1.17.4;
			};
		};
/* End XCRemoteSwiftPackageReference section */

/* Begin XCSwiftPackageProductDependency section */
		5F631EE02C760F3C00CD8872 /* InlineSnapshotTesting */ = {
			isa = XCSwiftPackageProductDependency;
			package = 5F631EDF2C760F3C00CD8872 /* XCRemoteSwiftPackageReference "swift-snapshot-testing" */;
			productName = InlineSnapshotTesting;
		};
		5F631EE22C760F3C00CD8872 /* SnapshotTesting */ = {
			isa = XCSwiftPackageProductDependency;
			package = 5F631EDF2C760F3C00CD8872 /* XCRemoteSwiftPackageReference "swift-snapshot-testing" */;
			productName = SnapshotTesting;
		};
/* End XCSwiftPackageProductDependency section */
	};
	rootObject = 5F631EA42C760DEB00CD8872 /* Project object */;
}
